// !$*UTF8*$!
{
	archiveVersion = 1;
	classes = {
	};
	objectVersion = 46;
	objects = {
		FEFB17BFEE4C3D009A6B4542 = {
			isa = PBXBuildFile;
			fileRef = 19440D3B9069780F611BBF0B;
		};
		7AD351591A78A29A2FF7EF44 = {
			isa = PBXBuildFile;
			fileRef = 5F2E4D8F67B48F6449C5D824;
		};
		5B35A21D40433CE5B422E0C3 = {
			isa = PBXBuildFile;
			fileRef = 80FE66DFEE5F6B261FE415B9;
		};
		D3AE4FC82EF7917B5C01B6EA = {
			isa = PBXBuildFile;
			fileRef = EE61C62F7CB293D8D67F6BDD;
		};
		5DD806E13C468056C12B9244 = {
			isa = PBXBuildFile;
			fileRef = 4A2CC48622A52D50D5BD4931;
		};
		58769501AF9418B98E2BA760 = {
			isa = PBXBuildFile;
			fileRef = 4B50BF620B90B7A10D8695CD;
		};
		E5F33BC4A8FF49BDDF151E0F = {
			isa = PBXBuildFile;
			fileRef = 2CD58370C8EE9090E3FBE7BC;
		};
		5CC6B6E42DA9F6FDBA11C700 = {
			isa = PBXBuildFile;
			fileRef = 5194B3156B4161980CA67F79;
		};
		6B3E0BAC60993019919FCAB7 = {
			isa = PBXBuildFile;
			fileRef = 74399BA7C9BEA36C76961B5C;
		};
		0700813E425661BE37EE276F = {
			isa = PBXBuildFile;
			fileRef = 3E9DBC18CE8126724A2F33E1;
		};
		46B638A07674BE0AB9914976 = {
			isa = PBXBuildFile;
			fileRef = 845A01A92BC5AD3932E78D10;
		};
		FC4D3FB6E5B6CF77D19B9CF2 = {
			isa = PBXBuildFile;
			fileRef = E9D419DF31337EC3A242F7CB;
		};
		39DC4E3EBD116535A4A62F5C = {
			isa = PBXBuildFile;
			fileRef = 19E6ABBA6781477FEF09BFE4;
		};
		39DC9E45252FF5D84C6B3F84 = {
			isa = PBXBuildFile;
			fileRef = 91344C52742EAB210B1F9938;
		};
		D453808EFD2A6D737778FC23 = {
			isa = PBXBuildFile;
			fileRef = 54C5F45A709CDE41D63664EE;
		};
		ECC2AD930774616D017CDA15 = {
			isa = PBXBuildFile;
			fileRef = 9556C987C12C4C83D5FDCBF5;
		};
		72A58E215A35FE68D2184DE2 = {
			isa = PBXBuildFile;
			fileRef = 76E9B1C1AF67F665DA906913;
		};
		F5BEFBF3B8F1705A0B2A90F8 = {
			isa = PBXBuildFile;
			fileRef = 584F616623BFF65FDD52FE31;
		};
		FF26F34035DD4A5359B554AF = {
			isa = PBXBuildFile;
			fileRef = 083E237F1F82A770622C4535;
		};
		0002038F900E8730CD11A74E = {
			isa = PBXBuildFile;
			fileRef = A704D6BDA6FC9E456A318346;
		};
		83173FC97E710D9177D003DD = {
			isa = PBXBuildFile;
			fileRef = F9E0F72EA912D7529CA752F1;
		};
		5566B71DFACE1BAFF9F7B9AA = {
			isa = PBXBuildFile;
			fileRef = 10E7A3C4B7E2213E1C5B854C;
		};
		E3DE1065EF8C692415FB6E48 = {
			isa = PBXBuildFile;
			fileRef = D640367109719DC27A08F284;
		};
		8BD84FD96A56EA83E2F0FC44 = {
			isa = PBXBuildFile;
			fileRef = 1A1D4669EA83FF2C2B2C7012;
		};
		5A3EAEBFD50C25E929B5E74F = {
			isa = PBXBuildFile;
			fileRef = 99675EE09563562881076262;
		};
		97758C94A469D00CC9EE152B = {
			isa = PBXBuildFile;
			fileRef = 5888F64CCDFFAC61D2EBDA0B;
		};
		9F2C407AF3E741BEAFA96ECE = {
			isa = PBXBuildFile;
			fileRef = 05A3D7F550D218A355A8C7DA;
		};
		97B18097E6EA09328DAFF5CD = {
			isa = PBXBuildFile;
			fileRef = 3F050BDFB07D3402C3DF5079;
		};
		F3EE66562244804BC7E232D1 = {
			isa = PBXBuildFile;
			fileRef = ECE769FA723A825D8FA42642;
		};
		37D5565E9F8C4805693CF980 = {
			isa = PBXBuildFile;
			fileRef = 19E48660FAD2E8CC30E2C80D;
		};
		15515A86C54ABFDEAF987C78 = {
			isa = PBXBuildFile;
			fileRef = 9A3BEBE44DD02B74AF666063;
		};
		8E576466171B54389F255C5D = {
			isa = PBXBuildFile;
			fileRef = 324D1E609BB3DFA791CAAC51;
		};
		EE76E1A3E43B12FFCB3657BA = {
			isa = PBXBuildFile;
			fileRef = 5B8E461D596D1E46139439E1;
		};
		2587F818A778695293ADB9A1 = {
			isa = PBXBuildFile;
			fileRef = 86D8EB3CC7FBF6A1EB423F51;
		};
		ACC4D97B0C3C5E1AD59D1FAE = {
			isa = PBXBuildFile;
			fileRef = C8D4614AEC6282049AACA9A9;
		};
		3504654C7017F25C1BB21B09 = {
			isa = PBXBuildFile;
			fileRef = BC9E5C1687F6841B3E840CDB;
		};
		9332EBBF7E7EC2E904999E81 = {
			isa = PBXBuildFile;
			fileRef = E19D06C1C36749D1699AD8BB;
		};
		52BB0E573729932815EBC09B = {
			isa = PBXBuildFile;
			fileRef = B7E5ACEC9F3FFB20042B7812;
		};
		0B603B1B4CB8D89CC00CC5EC = {
			isa = PBXBuildFile;
			fileRef = 632000188BAE7A9EC01E2E8B;
		};
		A729A1EFD2EA14AC479AAD2C = {
			isa = PBXBuildFile;
			fileRef = 5008F966D83231242802E5E7;
		};
		1F5B66E204C30D4B60BA5615 = {
			isa = PBXBuildFile;
			fileRef = 2995843A68367D56C4468E50;
		};
		9558A015F326D2E2F3787800 = {
			isa = PBXBuildFile;
			fileRef = D70579B7BC380D511D652C89;
		};
		EC18C9FB15E0350C5A7585F9 = {
			isa = PBXBuildFile;
			fileRef = C4F6E1AB62E4F345C2B01BAA;
		};
		9917B656FB8852A2A14DD144 = {
			isa = PBXBuildFile;
			fileRef = BF6641839B59F38BB93F294F;
		};
		30AAC2E5B5B9C61F08816D41 = {
			isa = PBXBuildFile;
			fileRef = 8CE5A37A368CD47913F8C1B3;
		};
		54A3068FA26708D70009C552 = {
			isa = PBXBuildFile;
			fileRef = 0D628204966DB23120E7C38C;
		};
		16CC6910E1BDB5E051C1DD2D = {
			isa = PBXBuildFile;
			fileRef = 108E90DAA3F7F6A6915F89A0;
		};
		E041B1DEC9FF03E597F20BD5 = {
			isa = PBXBuildFile;
			fileRef = 30C2ECD8790BDA96D1196BB9;
		};
		EDA15C76E4851DF0B2CEA64F = {
			isa = PBXBuildFile;
			fileRef = 8C72171E6B433741A6B645A1;
		};
		AC43D6322023A780A15BDEDB = {
			isa = PBXBuildFile;
			fileRef = 2EA649AC43CFD89E65F69CB1;
		};
		F8BAD8A4466706A3393B96AD = {
			isa = PBXBuildFile;
			fileRef = BEBE5706902BF83224724ABE;
		};
		4F7C31C725D29BDD3598FC6F = {
			isa = PBXBuildFile;
			fileRef = D499192D5986AE6AFA31F904;
		};
		92F65FFDB0F2FD3C9846F7BB = {
			isa = PBXBuildFile;
			fileRef = FC56E2F2B48577B824E90431;
		};
		AF539AF3D69335DF86E41AA5 = {
			isa = PBXBuildFile;
			fileRef = 302B3581A7BE31861B678C41;
		};
		29D2CB78A8B28F06064FFEBA = {
			isa = PBXBuildFile;
			fileRef = 9E9E1435B4A8016762E85D24;
		};
		B077B4E8DB5D2DA6DA917763 = {
			isa = PBXBuildFile;
			fileRef = 82D4D2513189AA911A8692F5;
		};
		6690AADF81624C2FA96AA355 = {
			isa = PBXBuildFile;
			fileRef = 80C6542016D0974F040DEEFC;
		};
		5224B9A27D5D6127D8B68208 = {
			isa = PBXBuildFile;
			fileRef = 7E574238A00605BCE9606042;
		};
		0B334FB8F22C6A7EA28CAF8A = {
			isa = PBXBuildFile;
			fileRef = 1E71CCB7210E284BB4C102CB;
		};
		C29AD759D73E786335CCEE95 = {
			isa = PBXBuildFile;
			fileRef = D5BBD99C74C36551222B0957;
		};
		D6E7FCEFB02884B1877F99C4 = {
			isa = PBXBuildFile;
			fileRef = DDFDAEA74D44AD06B6964064;
		};
		85868791F972F0357B88575C = {
			isa = PBXBuildFile;
			fileRef = CF9302DC5B62EF18441E00CA;
		};
		8F54793D84DBA63E10D2FE63 = {
			isa = PBXBuildFile;
			fileRef = CA3E2C0BAD8E0BFA95B1B705;
		};
		EE7B525013EDA73CC3FAEB7B = {
			isa = PBXBuildFile;
			fileRef = 25E61F53D02242E7320EE82D;
		};
		E20D4C6870E35D2F05A88B15 = {
			isa = PBXBuildFile;
			fileRef = A14D470FA3D8F36239CF1CFE;
		};
		69EA684DC35C7B82519BDD34 = {
			isa = PBXBuildFile;
			fileRef = A2DEB74A2499F78F7C4E4E7A;
		};
		6E6A8D27D1A7598D954237A5 = {
			isa = PBXBuildFile;
			fileRef = 57FBE3C369BE4B470102AC8A;
		};
		AB2BD396680BCC24C9C09365 = {
			isa = PBXBuildFile;
			fileRef = 68F383E63853C35EE0241F34;
		};
		41B1BA4129B82795FDD7DB52 = {
			isa = PBXBuildFile;
			fileRef = 73CB79563B92BD88CFF08EBF;
		};
		3E9EFF33A74897E68041FE4D = {
			isa = PBXBuildFile;
			fileRef = 32DE55C6B9865AE7905A7477;
		};
		E03BF59476E91B4B6356E1BB = {
			isa = PBXBuildFile;
			fileRef = 75FC38F1B6999DBB0CD2B93A;
		};
		D94FB87527534F5B314E6CC2 = {
			isa = PBXBuildFile;
			fileRef = E9F5A7F27F244D2CA1D8555F;
		};
		2F33E9623D9BB387DF0CFB8D = {
			isa = PBXBuildFile;
			fileRef = 3622E02683E1E5FBEE2A614D;
		};
		30139C6F36C5FAB598F9DA5B = {
			isa = PBXBuildFile;
			fileRef = BF92D96F5702D4DAE783E5CF;
		};
		D161D80E61F09222B787D442 = {
			isa = PBXBuildFile;
			fileRef = 96F56EAAC0D1575D1A8E1C10;
		};
		06C6BA0781421732CDB82CCF = {
			isa = PBXBuildFile;
			fileRef = EDCF7E6CD9E3955ECD7898A6;
		};
		118A1A7529941A8852E95BCB = {
			isa = PBXBuildFile;
			fileRef = 8A11B8CC0A65622F73733B48;
		};
		AA4878ADE7B4AFB12CC1A163 = {
			isa = PBXBuildFile;
			fileRef = 36D1716D71FC56393CF49AE5;
		};
		B404460682350AFADCD283F2 = {
			isa = PBXBuildFile;
			fileRef = 72DF10364C01AB65BC70F7F4;
		};
		01D8077E8FBE702F0ED20FAA = {
			isa = PBXFileReference;
			lastKnownFileType = sourcecode.c.h;
			name = chrono.h;
			path = ../../Source/FastSimplex/chrono.h;
			sourceTree = "SOURCE_ROOT";
		};
		04C06119277EA5926399F255 = {
			isa = PBXFileReference;
			lastKnownFileType = sourcecode.c.h;
			name = "emd_hat_impl.hpp";
			path = "../../Source/FastEMD-3.1/FastEMD/emd_hat_impl.hpp";
			sourceTree = "SOURCE_ROOT";
		};
		05A3D7F550D218A355A8C7DA = {
			isa = PBXFileReference;
			lastKnownFileType = sourcecode.cpp.cpp;
			name = Idea.cpp;
			path = ../../Source/Idea.cpp;
			sourceTree = "SOURCE_ROOT";
		};
		083E237F1F82A770622C4535 = {
			isa = PBXFileReference;
			lastKnownFileType = sourcecode.cpp.cpp;
			name = KMeans.cpp;
			path = ../../Source/KMeans.cpp;
			sourceTree = "SOURCE_ROOT";
		};
		0D628204966DB23120E7C38C = {
			isa = PBXFileReference;
			lastKnownFileType = sourcecode.cpp.cpp;
			name = ImageAttribute.cpp;
			path = ../../Source/ImageAttribute.cpp;
			sourceTree = "SOURCE_ROOT";
		};
		0E30E77D787064B98564AEF8 = {
			isa = PBXFileReference;
			lastKnownFileType = sourcecode.c.h;
			name = Histogram.h;
			path = ../../Source/Histogram.h;
			sourceTree = "SOURCE_ROOT";
		};
		0F21E643213D97B4CEF93DB4 = {
			isa = PBXFileReference;
			lastKnownFileType = sourcecode.c.h;
			name = GibbsComponents.h;
			path = ../../Source/GibbsComponents.h;
			sourceTree = "SOURCE_ROOT";
		};
		108E90DAA3F7F6A6915F89A0 = {
			isa = PBXFileReference;
			lastKnownFileType = sourcecode.cpp.cpp;
			name = LowKeyAttribute.cpp;
			path = ../../Source/LowKeyAttribute.cpp;
			sourceTree = "SOURCE_ROOT";
		};
		10E7A3C4B7E2213E1C5B854C = {
			isa = PBXFileReference;
			lastKnownFileType = sourcecode.cpp.cpp;
			name = ConstraintEditor.cpp;
			path = ../../Source/ConstraintEditor.cpp;
			sourceTree = "SOURCE_ROOT";
		};
		13717D13F40F6433E5F01643 = {
			isa = PBXFileReference;
			lastKnownFileType = sourcecode.c.h;
			name = Recorder.h;
			path = ../../Source/Recorder.h;
			sourceTree = "SOURCE_ROOT";
		};
		1922D1C05A9D3BE92B4E5A97 = {
			isa = PBXFileReference;
			lastKnownFileType = sourcecode.c.h;
			name = HistoryPanel.h;
			path = ../../Source/HistoryPanel.h;
			sourceTree = "SOURCE_ROOT";
		};
		19440D3B9069780F611BBF0B = {
			isa = PBXFileReference;
			explicitFileType = wrapper.application;
			includeInIndex = 0;
			path = AttributesInterface.app;
			sourceTree = "BUILT_PRODUCTS_DIR";
		};
		19E48660FAD2E8CC30E2C80D = {
			isa = PBXFileReference;
			lastKnownFileType = sourcecode.cpp.cpp;
			name = SceneViewer.cpp;
			path = ../../Source/SceneViewer.cpp;
			sourceTree = "SOURCE_ROOT";
		};
		19E6ABBA6781477FEF09BFE4 = {
			isa = PBXFileReference;
			lastKnownFileType = wrapper.framework;
			name = QuartzCore.framework;
			path = System/Library/Frameworks/QuartzCore.framework;
			sourceTree = SDKROOT;
		};
		1A1D4669EA83FF2C2B2C7012 = {
			isa = PBXFileReference;
			lastKnownFileType = sourcecode.cpp.cpp;
			name = HistoryEntry.cpp;
			path = ../../Source/HistoryEntry.cpp;
			sourceTree = "SOURCE_ROOT";
		};
		1B9B5C631D965E1266D8C481 = {
			isa = PBXFileReference;
			lastKnownFileType = sourcecode.c.h;
			name = SceneViewer.h;
			path = ../../Source/SceneViewer.h;
			sourceTree = "SOURCE_ROOT";
		};
		1BDD1371464E3A6729E19FE0 = {
			isa = PBXFileReference;
			lastKnownFileType = sourcecode.c.h;
			name = SearchResultsViewer.h;
			path = ../../Source/SearchResultsViewer.h;
			sourceTree = "SOURCE_ROOT";
		};
		1E71CCB7210E284BB4C102CB = {
			isa = PBXFileReference;
			lastKnownFileType = sourcecode.cpp.cpp;
			name = SearchResultContainer.cpp;
			path = ../../Source/SearchResultContainer.cpp;
			sourceTree = "SOURCE_ROOT";
		};
		1FCE16C4233E5B66D60366A0 = {
			isa = PBXFileReference;
			lastKnownFileType = sourcecode.c.h;
			name = "closure_over_uneven_buckets.h";
			path = "../../Source/closure_over_uneven_buckets.h";
			sourceTree = "SOURCE_ROOT";
		};
		2392476E07F040E78134CA54 = {
			isa = PBXFileReference;
			lastKnownFileType = sourcecode.c.h;
			name = JuceHeader.h;
			path = ../../JuceLibraryCode/JuceHeader.h;
			sourceTree = "SOURCE_ROOT";
		};
		25E61F53D02242E7320EE82D = {
			isa = PBXFileReference;
			lastKnownFileType = sourcecode.cpp.cpp;
			name = globals.cpp;
			path = ../../Source/globals.cpp;
			sourceTree = "SOURCE_ROOT";
		};
		2995843A68367D56C4468E50 = {
			isa = PBXFileReference;
			lastKnownFileType = sourcecode.cpp.cpp;
			name = TopLevelCluster.cpp;
			path = ../../Source/TopLevelCluster.cpp;
			sourceTree = "SOURCE_ROOT";
		};
		29A17232D3FEFAABC8DD5253 = {
			isa = PBXFileReference;
			lastKnownFileType = sourcecode.c.h;
			name = OrangeBlueAttribute.h;
			path = ../../Source/OrangeBlueAttribute.h;
			sourceTree = "SOURCE_ROOT";
		};
		2A0D12B5F65429237C94339B = {
			isa = PBXFileReference;
			lastKnownFileType = sourcecode.c.h;
			name = ImageAttribute.h;
			path = ../../Source/ImageAttribute.h;
			sourceTree = "SOURCE_ROOT";
		};
		2CD58370C8EE9090E3FBE7BC = {
			isa = PBXFileReference;
			lastKnownFileType = wrapper.framework;
			name = Cocoa.framework;
			path = System/Library/Frameworks/Cocoa.framework;
			sourceTree = SDKROOT;
		};
		2EA649AC43CFD89E65F69CB1 = {
			isa = PBXFileReference;
			lastKnownFileType = sourcecode.cpp.cpp;
			name = OrangeBlueAttribute.cpp;
			path = ../../Source/OrangeBlueAttribute.cpp;
			sourceTree = "SOURCE_ROOT";
		};
		2FDED1A5D3A98E7BBF44CC1F = {
			isa = PBXFileReference;
			lastKnownFileType = sourcecode.c.h;
			name = TopLevelCluster.h;
			path = ../../Source/TopLevelCluster.h;
			sourceTree = "SOURCE_ROOT";
		};
		302B3581A7BE31861B678C41 = {
			isa = PBXFileReference;
			lastKnownFileType = sourcecode.cpp.cpp;
			name = AttributeControllerBase.cpp;
			path = ../../Source/AttributeControllerBase.cpp;
			sourceTree = "SOURCE_ROOT";
		};
		30C2ECD8790BDA96D1196BB9 = {
			isa = PBXFileReference;
			lastKnownFileType = sourcecode.cpp.cpp;
			name = MoonlightAttribute.cpp;
			path = ../../Source/MoonlightAttribute.cpp;
			sourceTree = "SOURCE_ROOT";
		};
		324D1E609BB3DFA791CAAC51 = {
			isa = PBXFileReference;
			lastKnownFileType = sourcecode.cpp.cpp;
			name = StatusBar.cpp;
			path = ../../Source/StatusBar.cpp;
			sourceTree = "SOURCE_ROOT";
		};
		32DE55C6B9865AE7905A7477 = {
			isa = PBXFileReference;
			lastKnownFileType = sourcecode.cpp.objcpp;
			name = "include_juce_audio_processors.mm";
			path = "../../JuceLibraryCode/include_juce_audio_processors.mm";
			sourceTree = "SOURCE_ROOT";
		};
		33DEED6576C90ECC91DFFE48 = {
			isa = PBXFileReference;
			lastKnownFileType = sourcecode.c.h;
			name = AttributeControls.h;
			path = ../../Source/AttributeControls.h;
			sourceTree = "SOURCE_ROOT";
		};
		3622E02683E1E5FBEE2A614D = {
			isa = PBXFileReference;
			lastKnownFileType = sourcecode.cpp.objcpp;
			name = "include_juce_data_structures.mm";
			path = "../../JuceLibraryCode/include_juce_data_structures.mm";
			sourceTree = "SOURCE_ROOT";
		};
		36D1716D71FC56393CF49AE5 = {
			isa = PBXFileReference;
			lastKnownFileType = sourcecode.cpp.objcpp;
			name = "include_juce_opengl.mm";
			path = "../../JuceLibraryCode/include_juce_opengl.mm";
			sourceTree = "SOURCE_ROOT";
		};
		3B1421540A3A4EA8E831EF19 = {
			isa = PBXFileReference;
			lastKnownFileType = sourcecode.c.h;
			name = SpectralCluster.h;
			path = ../../Source/SpectralCluster.h;
			sourceTree = "SOURCE_ROOT";
		};
		3B8D7548F76E25C8CA68EA56 = {
			isa = PBXFileReference;
			lastKnownFileType = sourcecode.c.h;
			name = StatusBar.h;
			path = ../../Source/StatusBar.h;
			sourceTree = "SOURCE_ROOT";
		};
		3E9DBC18CE8126724A2F33E1 = {
			isa = PBXFileReference;
			lastKnownFileType = wrapper.framework;
			name = CoreMIDI.framework;
			path = System/Library/Frameworks/CoreMIDI.framework;
			sourceTree = SDKROOT;
		};
		3F050BDFB07D3402C3DF5079 = {
			isa = PBXFileReference;
			lastKnownFileType = sourcecode.cpp.cpp;
			name = MainMenu.cpp;
			path = ../../Source/MainMenu.cpp;
			sourceTree = "SOURCE_ROOT";
		};
		45448CEF5095C034591B7F37 = {
			isa = PBXFileReference;
			lastKnownFileType = sourcecode.c.h;
			name = TintAttribute.h;
			path = ../../Source/TintAttribute.h;
			sourceTree = "SOURCE_ROOT";
		};
		4A2CC48622A52D50D5BD4931 = {
			isa = PBXFileReference;
			lastKnownFileType = wrapper.framework;
			name = AVKit.framework;
			path = System/Library/Frameworks/AVKit.framework;
			sourceTree = SDKROOT;
		};
		4AC161B8C621F1776F5713D7 = {
			isa = PBXFileReference;
			lastKnownFileType = sourcecode.c.h;
			name = HistogramContrast.h;
			path = ../../Source/HistogramContrast.h;
			sourceTree = "SOURCE_ROOT";
		};
		4B50BF620B90B7A10D8695CD = {
			isa = PBXFileReference;
			lastKnownFileType = wrapper.framework;
			name = Carbon.framework;
			path = System/Library/Frameworks/Carbon.framework;
			sourceTree = SDKROOT;
		};
		4D63B99D4298136FAE1D2571 = {
			isa = PBXFileReference;
			lastKnownFileType = sourcecode.c.h;
			name = LowKeyAttribute.h;
			path = ../../Source/LowKeyAttribute.h;
			sourceTree = "SOURCE_ROOT";
		};
		4D776F622D99F94D2430F60B = {
			isa = PBXFileReference;
			lastKnownFileType = file;
			name = "juce_opengl";
			path = "../../JuceLibraryCode/modules/juce_opengl";
			sourceTree = "SOURCE_ROOT";
		};
		5008F966D83231242802E5E7 = {
			isa = PBXFileReference;
			lastKnownFileType = sourcecode.cpp.cpp;
			name = SearchResultList.cpp;
			path = ../../Source/SearchResultList.cpp;
			sourceTree = "SOURCE_ROOT";
		};
		5194B3156B4161980CA67F79 = {
			isa = PBXFileReference;
			lastKnownFileType = wrapper.framework;
			name = CoreAudio.framework;
			path = System/Library/Frameworks/CoreAudio.framework;
			sourceTree = SDKROOT;
		};
		5460DCB57D3931E91C70C8F4 = {
			isa = PBXFileReference;
			lastKnownFileType = sourcecode.c.h;
			name = Idea.h;
			path = ../../Source/Idea.h;
			sourceTree = "SOURCE_ROOT";
		};
		54C5F45A709CDE41D63664EE = {
			isa = PBXFileReference;
			lastKnownFileType = file.nib;
			name = RecentFilesMenuTemplate.nib;
			path = RecentFilesMenuTemplate.nib;
			sourceTree = "SOURCE_ROOT";
		};
		54D85A48986E793FA2090C64 = {
			isa = PBXFileReference;
			lastKnownFileType = sourcecode.c.h;
			name = GibbsEdit.h;
			path = ../../Source/GibbsEdit.h;
			sourceTree = "SOURCE_ROOT";
		};
		5686A2802A8D583FB082D09B = {
			isa = PBXFileReference;
			lastKnownFileType = sourcecode.c.h;
			name = CompColorAttribute.h;
			path = ../../Source/CompColorAttribute.h;
			sourceTree = "SOURCE_ROOT";
		};
		57FBE3C369BE4B470102AC8A = {
			isa = PBXFileReference;
			lastKnownFileType = sourcecode.cpp.objcpp;
			name = "include_juce_audio_basics.mm";
			path = "../../JuceLibraryCode/include_juce_audio_basics.mm";
			sourceTree = "SOURCE_ROOT";
		};
		584F616623BFF65FDD52FE31 = {
			isa = PBXFileReference;
			lastKnownFileType = sourcecode.cpp.cpp;
			name = Clustering.cpp;
			path = ../../Source/Clustering.cpp;
			sourceTree = "SOURCE_ROOT";
		};
		5888F64CCDFFAC61D2EBDA0B = {
			isa = PBXFileReference;
			lastKnownFileType = sourcecode.cpp.cpp;
			name = hsvPicker.cpp;
			path = ../../Source/hsvPicker.cpp;
			sourceTree = "SOURCE_ROOT";
		};
		5B8E461D596D1E46139439E1 = {
			isa = PBXFileReference;
			lastKnownFileType = sourcecode.cpp.cpp;
			name = Histogram.cpp;
			path = ../../Source/Histogram.cpp;
			sourceTree = "SOURCE_ROOT";
		};
		5DF1C73DF52CC37A6EFC25B3 = {
			isa = PBXFileReference;
			lastKnownFileType = sourcecode.c.h;
			name = HistoryEntry.h;
			path = ../../Source/HistoryEntry.h;
			sourceTree = "SOURCE_ROOT";
		};
		5E566C6EB8F813D76F8B3E14 = {
			isa = PBXFileReference;
			lastKnownFileType = sourcecode.c.h;
			name = AttributeControllers.h;
			path = ../../Source/AttributeControllers.h;
			sourceTree = "SOURCE_ROOT";
		};
		5EB020DB05BE3E0065F0C05D = {
			isa = PBXFileReference;
			lastKnownFileType = file;
			name = "juce_audio_formats";
			path = "../../JuceLibraryCode/modules/juce_audio_formats";
			sourceTree = "SOURCE_ROOT";
		};
		5F273B4A209B6A86354BC37F = {
			isa = PBXFileReference;
			lastKnownFileType = sourcecode.c.h;
			name = Edit.h;
			path = ../../Source/Edit.h;
			sourceTree = "SOURCE_ROOT";
		};
		5F2E4D8F67B48F6449C5D824 = {
			isa = PBXFileReference;
			lastKnownFileType = wrapper.framework;
			name = Accelerate.framework;
			path = System/Library/Frameworks/Accelerate.framework;
			sourceTree = SDKROOT;
		};
		5F8E7B15298241ED6129B2ED = {
			isa = PBXFileReference;
			lastKnownFileType = sourcecode.c.h;
			name = ConstraintEditor.h;
			path = ../../Source/ConstraintEditor.h;
			sourceTree = "SOURCE_ROOT";
		};
		603985389C4F7993EFD871C4 = {
			isa = PBXFileReference;
			lastKnownFileType = sourcecode.c.h;
			name = SettingsEditor.h;
			path = ../../Source/SettingsEditor.h;
			sourceTree = "SOURCE_ROOT";
		};
		632000188BAE7A9EC01E2E8B = {
			isa = PBXFileReference;
			lastKnownFileType = sourcecode.cpp.cpp;
			name = AttributeStyles.cpp;
			path = ../../Source/AttributeStyles.cpp;
			sourceTree = "SOURCE_ROOT";
		};
		64FA3CA59B6E2108ECE68A7C = {
			isa = PBXFileReference;
			lastKnownFileType = sourcecode.c.h;
			name = globals.h;
			path = ../../Source/globals.h;
			sourceTree = "SOURCE_ROOT";
		};
		689B06F66C07BCF5D6CB2245 = {
			isa = PBXFileReference;
			lastKnownFileType = sourcecode.c.h;
			name = "full_bipartitegraph.h";
			path = "../../Source/FastSimplex/full_bipartitegraph.h";
			sourceTree = "SOURCE_ROOT";
		};
		68F383E63853C35EE0241F34 = {
			isa = PBXFileReference;
			lastKnownFileType = sourcecode.cpp.objcpp;
			name = "include_juce_audio_devices.mm";
			path = "../../JuceLibraryCode/include_juce_audio_devices.mm";
			sourceTree = "SOURCE_ROOT";
		};
		6C2B9C97F932EC669FCDD8BD = {
			isa = PBXFileReference;
			lastKnownFileType = sourcecode.c.h;
			name = SystemExplorer.h;
			path = ../../Source/SystemExplorer.h;
			sourceTree = "SOURCE_ROOT";
		};
		6EA42A80417B4917330A4529 = {
			isa = PBXFileReference;
			lastKnownFileType = sourcecode.c.h;
			name = hsvPicker.h;
			path = ../../Source/hsvPicker.h;
			sourceTree = "SOURCE_ROOT";
		};
		6FCF04D753A9668AB130E68C = {
			isa = PBXFileReference;
			lastKnownFileType = sourcecode.c.h;
			name = AppConfig.h;
			path = ../../JuceLibraryCode/AppConfig.h;
			sourceTree = "SOURCE_ROOT";
		};
		72DF10364C01AB65BC70F7F4 = {
			isa = PBXFileReference;
			lastKnownFileType = sourcecode.cpp.objcpp;
			name = "include_juce_video.mm";
			path = "../../JuceLibraryCode/include_juce_video.mm";
			sourceTree = "SOURCE_ROOT";
		};
		73CB79563B92BD88CFF08EBF = {
			isa = PBXFileReference;
			lastKnownFileType = sourcecode.cpp.objcpp;
			name = "include_juce_audio_formats.mm";
			path = "../../JuceLibraryCode/include_juce_audio_formats.mm";
			sourceTree = "SOURCE_ROOT";
		};
		74399BA7C9BEA36C76961B5C = {
			isa = PBXFileReference;
			lastKnownFileType = wrapper.framework;
			name = CoreMedia.framework;
			path = System/Library/Frameworks/CoreMedia.framework;
			sourceTree = SDKROOT;
		};
		75FC38F1B6999DBB0CD2B93A = {
			isa = PBXFileReference;
			lastKnownFileType = sourcecode.cpp.objcpp;
			name = "include_juce_core.mm";
			path = "../../JuceLibraryCode/include_juce_core.mm";
			sourceTree = "SOURCE_ROOT";
		};
		76E9B1C1AF67F665DA906913 = {
			isa = PBXFileReference;
			lastKnownFileType = sourcecode.c.c;
			name = cmaes.c;
			path = ../../Source/CMAES/src/cmaes.c;
			sourceTree = "SOURCE_ROOT";
		};
		7787F34A9EDBE430C9C10C0D = {
			isa = PBXFileReference;
			lastKnownFileType = sourcecode.c.h;
			name = TopComponentContainer.h;
			path = ../../Source/TopComponentContainer.h;
			sourceTree = "SOURCE_ROOT";
		};
		7E574238A00605BCE9606042 = {
			isa = PBXFileReference;
			lastKnownFileType = sourcecode.cpp.cpp;
			name = SearchResultsContainer.cpp;
			path = ../../Source/SearchResultsContainer.cpp;
			sourceTree = "SOURCE_ROOT";
		};
		80C6542016D0974F040DEEFC = {
			isa = PBXFileReference;
			lastKnownFileType = sourcecode.cpp.cpp;
			name = AttributeSearch.cpp;
			path = ../../Source/AttributeSearch.cpp;
			sourceTree = "SOURCE_ROOT";
		};
		80FE66DFEE5F6B261FE415B9 = {
			isa = PBXFileReference;
			lastKnownFileType = wrapper.framework;
			name = AudioToolbox.framework;
			path = System/Library/Frameworks/AudioToolbox.framework;
			sourceTree = SDKROOT;
		};
		82D4D2513189AA911A8692F5 = {
			isa = PBXFileReference;
			lastKnownFileType = sourcecode.cpp.cpp;
			name = Edit.cpp;
			path = ../../Source/Edit.cpp;
			sourceTree = "SOURCE_ROOT";
		};
		845A01A92BC5AD3932E78D10 = {
			isa = PBXFileReference;
			lastKnownFileType = wrapper.framework;
			name = IOKit.framework;
			path = System/Library/Frameworks/IOKit.framework;
			sourceTree = SDKROOT;
		};
		84AA81B2F592B182335C3834 = {
			isa = PBXFileReference;
			lastKnownFileType = sourcecode.c.h;
			name = "cmaes_interface.h";
			path = "../../Source/CMAES/src/cmaes_interface.h";
			sourceTree = "SOURCE_ROOT";
		};
		86D8EB3CC7FBF6A1EB423F51 = {
			isa = PBXFileReference;
			lastKnownFileType = sourcecode.cpp.cpp;
			name = "closure_over_uneven_buckets.cpp";
			path = "../../Source/closure_over_uneven_buckets.cpp";
			sourceTree = "SOURCE_ROOT";
		};
		876BF6746388EB111830124F = {
			isa = PBXFileReference;
			lastKnownFileType = sourcecode.c.h;
			name = ColoredTextButton.h;
			path = ../../Source/ColoredTextButton.h;
			sourceTree = "SOURCE_ROOT";
		};
		8A11B8CC0A65622F73733B48 = {
			isa = PBXFileReference;
			lastKnownFileType = sourcecode.cpp.objcpp;
			name = "include_juce_gui_extra.mm";
			path = "../../JuceLibraryCode/include_juce_gui_extra.mm";
			sourceTree = "SOURCE_ROOT";
		};
		8C72171E6B433741A6B645A1 = {
			isa = PBXFileReference;
			lastKnownFileType = sourcecode.cpp.cpp;
			name = NoireAttribute.cpp;
			path = ../../Source/NoireAttribute.cpp;
			sourceTree = "SOURCE_ROOT";
		};
		8CE5A37A368CD47913F8C1B3 = {
			isa = PBXFileReference;
			lastKnownFileType = sourcecode.cpp.cpp;
			name = HistogramContrast.cpp;
			path = ../../Source/HistogramContrast.cpp;
			sourceTree = "SOURCE_ROOT";
		};
		8D266EDB13ECCD91AFDFD389 = {
			isa = PBXFileReference;
			lastKnownFileType = sourcecode.c.h;
			name = "EMD_DEFS.hpp";
			path = "../../Source/FastEMD-3.1/FastEMD/EMD_DEFS.hpp";
			sourceTree = "SOURCE_ROOT";
		};
		8DD297A5F9C696C4C98603C0 = {
			isa = PBXFileReference;
			lastKnownFileType = sourcecode.c.h;
			name = SearchResultsContainer.h;
			path = ../../Source/SearchResultsContainer.h;
			sourceTree = "SOURCE_ROOT";
		};
		91344C52742EAB210B1F9938 = {
			isa = PBXFileReference;
			lastKnownFileType = wrapper.framework;
			name = WebKit.framework;
			path = System/Library/Frameworks/WebKit.framework;
			sourceTree = SDKROOT;
		};
		9556C987C12C4C83D5FDCBF5 = {
			isa = PBXFileReference;
			lastKnownFileType = sourcecode.c.c;
			name = "boundary_transformation.c";
			path = "../../Source/CMAES/src/boundary_transformation.c";
			sourceTree = "SOURCE_ROOT";
		};
		95EB747A9963F96416D1C2C0 = {
			isa = PBXFileReference;
			lastKnownFileType = file;
			name = "juce_data_structures";
			path = "../../JuceLibraryCode/modules/juce_data_structures";
			sourceTree = "SOURCE_ROOT";
		};
		9622FDF02271259BB7E5B98E = {
			isa = PBXFileReference;
			lastKnownFileType = sourcecode.c.h;
			name = AttributeSorting.h;
			path = ../../Source/AttributeSorting.h;
			sourceTree = "SOURCE_ROOT";
		};
		9674FE85E491E4CFCA7BB08F = {
			isa = PBXFileReference;
			lastKnownFileType = sourcecode.c.h;
			name = GibbsSchedule.h;
			path = ../../Source/GibbsSchedule.h;
			sourceTree = "SOURCE_ROOT";
		};
		96F56EAAC0D1575D1A8E1C10 = {
			isa = PBXFileReference;
			lastKnownFileType = sourcecode.cpp.objcpp;
			name = "include_juce_graphics.mm";
			path = "../../JuceLibraryCode/include_juce_graphics.mm";
			sourceTree = "SOURCE_ROOT";
		};
		99675EE09563562881076262 = {
			isa = PBXFileReference;
			lastKnownFileType = sourcecode.cpp.cpp;
			name = HistoryPanel.cpp;
			path = ../../Source/HistoryPanel.cpp;
			sourceTree = "SOURCE_ROOT";
		};
		9A3BEBE44DD02B74AF666063 = {
			isa = PBXFileReference;
			lastKnownFileType = sourcecode.cpp.cpp;
			name = SettingsEditor.cpp;
			path = ../../Source/SettingsEditor.cpp;
			sourceTree = "SOURCE_ROOT";
		};
		9E9E1435B4A8016762E85D24 = {
			isa = PBXFileReference;
			lastKnownFileType = sourcecode.cpp.cpp;
			name = AttributeControls.cpp;
			path = ../../Source/AttributeControls.cpp;
			sourceTree = "SOURCE_ROOT";
		};
		A0017D8CF3710E98D2E923BF = {
			isa = PBXFileReference;
			lastKnownFileType = sourcecode.c.h;
			name = SVRAttribute.h;
			path = ../../Source/SVRAttribute.h;
			sourceTree = "SOURCE_ROOT";
		};
		A14D470FA3D8F36239CF1CFE = {
			isa = PBXFileReference;
			lastKnownFileType = sourcecode.cpp.cpp;
			name = MainComponent.cpp;
			path = ../../Source/MainComponent.cpp;
			sourceTree = "SOURCE_ROOT";
		};
		A20823812BDC3F0E4819A76B = {
			isa = PBXFileReference;
			lastKnownFileType = file;
			name = "juce_graphics";
			path = "../../JuceLibraryCode/modules/juce_graphics";
			sourceTree = "SOURCE_ROOT";
		};
		A2DEB74A2499F78F7C4E4E7A = {
			isa = PBXFileReference;
			lastKnownFileType = sourcecode.cpp.cpp;
			name = Main.cpp;
			path = ../../Source/Main.cpp;
			sourceTree = "SOURCE_ROOT";
		};
		A4BECC2F5E1DE63913B407DD = {
			isa = PBXFileReference;
			lastKnownFileType = sourcecode.c.h;
			name = KMeans.h;
			path = ../../Source/KMeans.h;
			sourceTree = "SOURCE_ROOT";
		};
		A5DDEEB3D0E5D821C32AD1BE = {
			isa = PBXFileReference;
			lastKnownFileType = file;
			name = "juce_gui_extra";
			path = "../../JuceLibraryCode/modules/juce_gui_extra";
			sourceTree = "SOURCE_ROOT";
		};
		A704D6BDA6FC9E456A318346 = {
			isa = PBXFileReference;
			lastKnownFileType = sourcecode.cpp.cpp;
			name = MeanShift.cpp;
			path = ../../Source/MeanShift.cpp;
			sourceTree = "SOURCE_ROOT";
		};
		AAE6E55E7311AF41C3495A72 = {
			isa = PBXFileReference;
			lastKnownFileType = file;
			name = "juce_video";
			path = "../../JuceLibraryCode/modules/juce_video";
			sourceTree = "SOURCE_ROOT";
		};
		AC0C09C064B5B235FE275CB5 = {
			isa = PBXFileReference;
			lastKnownFileType = sourcecode.c.h;
			name = SaturationAttribute.h;
			path = ../../Source/SaturationAttribute.h;
			sourceTree = "SOURCE_ROOT";
		};
		AC6BBB52BED4E81E2E4DBD10 = {
			isa = PBXFileReference;
			lastKnownFileType = sourcecode.c.h;
			name = SearchResultList.h;
			path = ../../Source/SearchResultList.h;
			sourceTree = "SOURCE_ROOT";
		};
		B08E04C57C4E71AA854F7856 = {
			isa = PBXFileReference;
			lastKnownFileType = sourcecode.c.h;
			name = "emd_hat.hpp";
			path = "../../Source/FastEMD-3.1/FastEMD/emd_hat.hpp";
			sourceTree = "SOURCE_ROOT";
		};
		B3ACBB3888598837549A0B34 = {
			isa = PBXFileReference;
			lastKnownFileType = sourcecode.c.h;
			name = "flow_utils.hpp";
			path = "../../Source/FastEMD-3.1/FastEMD/flow_utils.hpp";
			sourceTree = "SOURCE_ROOT";
		};
		B7569BDA7BDDD612DE40C656 = {
			isa = PBXFileReference;
			lastKnownFileType = sourcecode.c.h;
			name = AttributeStyles.h;
			path = ../../Source/AttributeStyles.h;
			sourceTree = "SOURCE_ROOT";
		};
		B7E5ACEC9F3FFB20042B7812 = {
			isa = PBXFileReference;
			lastKnownFileType = sourcecode.cpp.cpp;
			name = GibbsEdit.cpp;
			path = ../../Source/GibbsEdit.cpp;
			sourceTree = "SOURCE_ROOT";
		};
		BAC6B932AEC400A2E8BA469C = {
			isa = PBXFileReference;
			lastKnownFileType = file;
			name = "juce_audio_processors";
			path = "../../JuceLibraryCode/modules/juce_audio_processors";
			sourceTree = "SOURCE_ROOT";
		};
		BC9E5C1687F6841B3E840CDB = {
			isa = PBXFileReference;
			lastKnownFileType = sourcecode.cpp.cpp;
			name = GibbsSchedule.cpp;
			path = ../../Source/GibbsSchedule.cpp;
			sourceTree = "SOURCE_ROOT";
		};
		BD22148CE5FB53E18D2643BD = {
			isa = PBXFileReference;
			lastKnownFileType = sourcecode.c.h;
			name = HistogramBrightness.h;
			path = ../../Source/HistogramBrightness.h;
			sourceTree = "SOURCE_ROOT";
		};
		BDE4C4ACA10B65DC4001B575 = {
			isa = PBXFileReference;
			lastKnownFileType = file;
			name = "juce_events";
			path = "../../JuceLibraryCode/modules/juce_events";
			sourceTree = "SOURCE_ROOT";
		};
		BE3D73CF81D09CD669366157 = {
			isa = PBXFileReference;
			lastKnownFileType = sourcecode.c.h;
			name = cmaes.h;
			path = ../../Source/CMAES/src/cmaes.h;
			sourceTree = "SOURCE_ROOT";
		};
		BEBE5706902BF83224724ABE = {
			isa = PBXFileReference;
			lastKnownFileType = sourcecode.cpp.cpp;
			name = SaturationAttribute.cpp;
			path = ../../Source/SaturationAttribute.cpp;
			sourceTree = "SOURCE_ROOT";
		};
		BF64C7B9D9F4C13ED22BFBE4 = {
			isa = PBXFileReference;
			lastKnownFileType = file;
			name = "juce_cryptography";
			path = "../../JuceLibraryCode/modules/juce_cryptography";
			sourceTree = "SOURCE_ROOT";
		};
		BF6641839B59F38BB93F294F = {
			isa = PBXFileReference;
			lastKnownFileType = sourcecode.cpp.cpp;
			name = HistogramBrightness.cpp;
			path = ../../Source/HistogramBrightness.cpp;
			sourceTree = "SOURCE_ROOT";
		};
		BF92D96F5702D4DAE783E5CF = {
			isa = PBXFileReference;
			lastKnownFileType = sourcecode.cpp.objcpp;
			name = "include_juce_events.mm";
			path = "../../JuceLibraryCode/include_juce_events.mm";
			sourceTree = "SOURCE_ROOT";
		};
		C320F328CE039EE5632D7B01 = {
			isa = PBXFileReference;
			lastKnownFileType = sourcecode.c.h;
			name = "emd_hat_signatures_interface.hpp";
			path = "../../Source/FastEMD-3.1/FastEMD/emd_hat_signatures_interface.hpp";
			sourceTree = "SOURCE_ROOT";
		};
		C4112CC4967B1452EC136F12 = {
			isa = PBXFileReference;
			lastKnownFileType = sourcecode.c.h;
			name = Clustering.h;
			path = ../../Source/Clustering.h;
			sourceTree = "SOURCE_ROOT";
		};
		C4F6E1AB62E4F345C2B01BAA = {
			isa = PBXFileReference;
			lastKnownFileType = sourcecode.cpp.cpp;
			name = HistogramAttribute.cpp;
			path = ../../Source/HistogramAttribute.cpp;
			sourceTree = "SOURCE_ROOT";
		};
		C81D9E3D03ECB3570C54D724 = {
			isa = PBXFileReference;
			lastKnownFileType = sourcecode.c.h;
			name = "network_simplex_simple.h";
			path = "../../Source/FastSimplex/network_simplex_simple.h";
			sourceTree = "SOURCE_ROOT";
		};
		C8D4614AEC6282049AACA9A9 = {
			isa = PBXFileReference;
			lastKnownFileType = sourcecode.cpp.cpp;
			name = SystemExplorer.cpp;
			path = ../../Source/SystemExplorer.cpp;
			sourceTree = "SOURCE_ROOT";
		};
		C9498CEFCF5F1C8881BF740E = {
			isa = PBXFileReference;
			lastKnownFileType = sourcecode.c.h;
			name = AttributeSearch.h;
			path = ../../Source/AttributeSearch.h;
			sourceTree = "SOURCE_ROOT";
		};
		C9720844DED5A762A75F2BDF = {
			isa = PBXFileReference;
			lastKnownFileType = sourcecode.cpp.cpp;
			name = SVRAttribute.cpp;
			path = ../../Source/SVRAttribute.cpp;
			sourceTree = "SOURCE_ROOT";
		};
		CA3E2C0BAD8E0BFA95B1B705 = {
			isa = PBXFileReference;
			lastKnownFileType = sourcecode.cpp.cpp;
			name = ParamControls.cpp;
			path = ../../Source/ParamControls.cpp;
			sourceTree = "SOURCE_ROOT";
		};
		CF9302DC5B62EF18441E00CA = {
			isa = PBXFileReference;
			lastKnownFileType = sourcecode.cpp.cpp;
			name = ColoredTextButton.cpp;
			path = ../../Source/ColoredTextButton.cpp;
			sourceTree = "SOURCE_ROOT";
		};
		CF9D1A2B1093BEF2CCF1C829 = {
			isa = PBXFileReference;
			lastKnownFileType = sourcecode.c.h;
			name = SearchResultContainer.h;
			path = ../../Source/SearchResultContainer.h;
			sourceTree = "SOURCE_ROOT";
		};
		D499192D5986AE6AFA31F904 = {
			isa = PBXFileReference;
			lastKnownFileType = sourcecode.cpp.cpp;
			name = TestAttribute.cpp;
			path = ../../Source/TestAttribute.cpp;
			sourceTree = "SOURCE_ROOT";
		};
		D4F2753356377C31F4A77750 = {
			isa = PBXFileReference;
			lastKnownFileType = sourcecode.c.h;
			name = MainMenu.h;
			path = ../../Source/MainMenu.h;
			sourceTree = "SOURCE_ROOT";
		};
		D5BBD99C74C36551222B0957 = {
			isa = PBXFileReference;
			lastKnownFileType = sourcecode.cpp.cpp;
			name = AttributeSorting.cpp;
			path = ../../Source/AttributeSorting.cpp;
			sourceTree = "SOURCE_ROOT";
		};
		D6062F75E8F223B9C7C9CCB0 = {
			isa = PBXFileReference;
			lastKnownFileType = sourcecode.c.h;
			name = MoonlightAttribute.h;
			path = ../../Source/MoonlightAttribute.h;
			sourceTree = "SOURCE_ROOT";
		};
		D640367109719DC27A08F284 = {
			isa = PBXFileReference;
			lastKnownFileType = sourcecode.cpp.cpp;
			name = GibbsComponents.cpp;
			path = ../../Source/GibbsComponents.cpp;
			sourceTree = "SOURCE_ROOT";
		};
		D70579B7BC380D511D652C89 = {
			isa = PBXFileReference;
			lastKnownFileType = sourcecode.cpp.cpp;
			name = CompColorAttribute.cpp;
			path = ../../Source/CompColorAttribute.cpp;
			sourceTree = "SOURCE_ROOT";
		};
		D87DC3D80FD68AFB84F5F888 = {
			isa = PBXFileReference;
			lastKnownFileType = sourcecode.c.h;
			name = "boundary_transformation.h";
			path = "../../Source/CMAES/src/boundary_transformation.h";
			sourceTree = "SOURCE_ROOT";
		};
		D99AF901811DEF1F71BCF30F = {
			isa = PBXFileReference;
			lastKnownFileType = sourcecode.c.h;
			name = EditParams.h;
			path = ../../Source/EditParams.h;
			sourceTree = "SOURCE_ROOT";
		};
		DDFDAEA74D44AD06B6964064 = {
			isa = PBXFileReference;
			lastKnownFileType = sourcecode.cpp.cpp;
			name = SearchResultsViewer.cpp;
			path = ../../Source/SearchResultsViewer.cpp;
			sourceTree = "SOURCE_ROOT";
		};
		DFC14245B3FEAB989247AD69 = {
			isa = PBXFileReference;
			lastKnownFileType = file;
			name = "juce_gui_basics";
			path = "../../JuceLibraryCode/modules/juce_gui_basics";
			sourceTree = "SOURCE_ROOT";
		};
		E19D06C1C36749D1699AD8BB = {
			isa = PBXFileReference;
			lastKnownFileType = sourcecode.cpp.cpp;
			name = "gibbs_with_gaussian_mixture.cpp";
			path = "../../Source/gibbs_with_gaussian_mixture.cpp";
			sourceTree = "SOURCE_ROOT";
		};
		E22092279D6737A19F0269E9 = {
			isa = PBXFileReference;
			lastKnownFileType = sourcecode.c.h;
			name = "gibbs_with_gaussian_mixture.h";
			path = "../../Source/gibbs_with_gaussian_mixture.h";
			sourceTree = "SOURCE_ROOT";
		};
		E459DA332A6D803B564AFB6A = {
			isa = PBXFileReference;
			lastKnownFileType = file;
			name = "juce_core";
			path = "../../JuceLibraryCode/modules/juce_core";
			sourceTree = "SOURCE_ROOT";
		};
		E55FBAB2FD9C9B41DEAA3276 = {
			isa = PBXFileReference;
			lastKnownFileType = sourcecode.c.h;
			name = AttributeControllerBase.h;
			path = ../../Source/AttributeControllerBase.h;
			sourceTree = "SOURCE_ROOT";
		};
		E575A12B212E936954E707E1 = {
			isa = PBXFileReference;
			lastKnownFileType = sourcecode.c.h;
			name = core.h;
			path = ../../Source/FastSimplex/core.h;
			sourceTree = "SOURCE_ROOT";
		};
		E99C21498F0CAC426A6AAE99 = {
			isa = PBXFileReference;
			lastKnownFileType = file;
			name = "juce_audio_devices";
			path = "../../JuceLibraryCode/modules/juce_audio_devices";
			sourceTree = "SOURCE_ROOT";
		};
		E9D419DF31337EC3A242F7CB = {
			isa = PBXFileReference;
			lastKnownFileType = wrapper.framework;
			name = OpenGL.framework;
			path = System/Library/Frameworks/OpenGL.framework;
			sourceTree = SDKROOT;
		};
		E9F5A7F27F244D2CA1D8555F = {
			isa = PBXFileReference;
			lastKnownFileType = sourcecode.cpp.objcpp;
			name = "include_juce_cryptography.mm";
			path = "../../JuceLibraryCode/include_juce_cryptography.mm";
			sourceTree = "SOURCE_ROOT";
		};
		ECE769FA723A825D8FA42642 = {
			isa = PBXFileReference;
			lastKnownFileType = sourcecode.cpp.cpp;
			name = Recorder.cpp;
			path = ../../Source/Recorder.cpp;
			sourceTree = "SOURCE_ROOT";
		};
		ECEDAA5376ACA9311878261A = {
			isa = PBXFileReference;
			lastKnownFileType = sourcecode.c.h;
			name = HistogramAttribute.h;
			path = ../../Source/HistogramAttribute.h;
			sourceTree = "SOURCE_ROOT";
		};
		EDCF7E6CD9E3955ECD7898A6 = {
			isa = PBXFileReference;
			lastKnownFileType = sourcecode.cpp.objcpp;
			name = "include_juce_gui_basics.mm";
			path = "../../JuceLibraryCode/include_juce_gui_basics.mm";
			sourceTree = "SOURCE_ROOT";
		};
		EE61C62F7CB293D8D67F6BDD = {
			isa = PBXFileReference;
			lastKnownFileType = wrapper.framework;
			name = AVFoundation.framework;
			path = System/Library/Frameworks/AVFoundation.framework;
			sourceTree = SDKROOT;
		};
		F30472C7E13561A14A10CE80 = {
			isa = PBXFileReference;
			lastKnownFileType = sourcecode.c.h;
			name = MeanShift.h;
			path = ../../Source/MeanShift.h;
			sourceTree = "SOURCE_ROOT";
		};
		F30EA5D0F7F05DA51652E384 = {
			isa = PBXFileReference;
			lastKnownFileType = sourcecode.c.h;
			name = MainComponent.h;
			path = ../../Source/MainComponent.h;
			sourceTree = "SOURCE_ROOT";
		};
		F31812B440EE5BC7855A2604 = {
			isa = PBXFileReference;
			lastKnownFileType = text.plist.xml;
			name = "Info-App.plist";
			path = "Info-App.plist";
			sourceTree = "SOURCE_ROOT";
		};
		F5B4BE1A746FB2A0FBEFD9E2 = {
			isa = PBXFileReference;
			lastKnownFileType = sourcecode.c.h;
			name = NoireAttribute.h;
			path = ../../Source/NoireAttribute.h;
			sourceTree = "SOURCE_ROOT";
		};
		F9E0F72EA912D7529CA752F1 = {
			isa = PBXFileReference;
			lastKnownFileType = sourcecode.cpp.cpp;
			name = SpectralCluster.cpp;
			path = ../../Source/SpectralCluster.cpp;
			sourceTree = "SOURCE_ROOT";
		};
		FC56E2F2B48577B824E90431 = {
			isa = PBXFileReference;
			lastKnownFileType = sourcecode.cpp.cpp;
			name = TintAttribute.cpp;
			path = ../../Source/TintAttribute.cpp;
			sourceTree = "SOURCE_ROOT";
		};
		FDFDED925CA05ABD89413C9A = {
			isa = PBXFileReference;
			lastKnownFileType = file;
			name = "juce_audio_basics";
			path = "../../JuceLibraryCode/modules/juce_audio_basics";
			sourceTree = "SOURCE_ROOT";
		};
		FE4126AB23D7E9D1E75667C1 = {
			isa = PBXFileReference;
			lastKnownFileType = sourcecode.c.h;
			name = ParamControls.h;
			path = ../../Source/ParamControls.h;
			sourceTree = "SOURCE_ROOT";
		};
		FEE2C8B469B5553D79B72A07 = {
			isa = PBXFileReference;
			lastKnownFileType = sourcecode.c.h;
			name = TestAttribute.h;
			path = ../../Source/TestAttribute.h;
			sourceTree = "SOURCE_ROOT";
		};
		B7FE04304D631D40556CC918 = {
			isa = PBXGroup;
			children = (
				9556C987C12C4C83D5FDCBF5,
				D87DC3D80FD68AFB84F5F888,
				76E9B1C1AF67F665DA906913,
				BE3D73CF81D09CD669366157,
				84AA81B2F592B182335C3834,
			);
			name = CMAES;
			sourceTree = "<group>";
		};
		2E9B840B76B914EB53AC411D = {
			isa = PBXGroup;
			children = (
				01D8077E8FBE702F0ED20FAA,
				E575A12B212E936954E707E1,
				689B06F66C07BCF5D6CB2245,
				C81D9E3D03ECB3570C54D724,
			);
			name = FastSimplex;
			sourceTree = "<group>";
		};
		88BA99728C0A48987213ED8C = {
			isa = PBXGroup;
			children = (
				C320F328CE039EE5632D7B01,
				04C06119277EA5926399F255,
				B3ACBB3888598837549A0B34,
				8D266EDB13ECCD91AFDFD389,
				B08E04C57C4E71AA854F7856,
			);
			name = FastEMD;
			sourceTree = "<group>";
		};
		AF935507436941F0408833EB = {
			isa = PBXGroup;
			children = (
				B7FE04304D631D40556CC918,
				2E9B840B76B914EB53AC411D,
				88BA99728C0A48987213ED8C,
			);
			name = "third_party";
			sourceTree = "<group>";
		};
		F736E543F5039FCF300B4C9F = {
			isa = PBXGroup;
			children = (
				584F616623BFF65FDD52FE31,
				C4112CC4967B1452EC136F12,
				083E237F1F82A770622C4535,
				A4BECC2F5E1DE63913B407DD,
				A704D6BDA6FC9E456A318346,
				F30472C7E13561A14A10CE80,
				F9E0F72EA912D7529CA752F1,
				3B1421540A3A4EA8E831EF19,
			);
			name = clustering;
			sourceTree = "<group>";
		};
		3B6091EB87E00AACFF7AFEB1 = {
			isa = PBXGroup;
			children = (
				F736E543F5039FCF300B4C9F,
				10E7A3C4B7E2213E1C5B854C,
				5F8E7B15298241ED6129B2ED,
				D640367109719DC27A08F284,
				0F21E643213D97B4CEF93DB4,
				1A1D4669EA83FF2C2B2C7012,
				5DF1C73DF52CC37A6EFC25B3,
				99675EE09563562881076262,
				1922D1C05A9D3BE92B4E5A97,
				5888F64CCDFFAC61D2EBDA0B,
				6EA42A80417B4917330A4529,
				05A3D7F550D218A355A8C7DA,
				5460DCB57D3931E91C70C8F4,
				3F050BDFB07D3402C3DF5079,
				D4F2753356377C31F4A77750,
				ECE769FA723A825D8FA42642,
				13717D13F40F6433E5F01643,
				19E48660FAD2E8CC30E2C80D,
				1B9B5C631D965E1266D8C481,
				9A3BEBE44DD02B74AF666063,
				603985389C4F7993EFD871C4,
				324D1E609BB3DFA791CAAC51,
				3B8D7548F76E25C8CA68EA56,
				7787F34A9EDBE430C9C10C0D,
			);
			name = GUI;
			sourceTree = "<group>";
		};
		2E61E05C26F1AF6E3367DA36 = {
			isa = PBXGroup;
			children = (
				D70579B7BC380D511D652C89,
				5686A2802A8D583FB082D09B,
				C4F6E1AB62E4F345C2B01BAA,
				ECEDAA5376ACA9311878261A,
				BF6641839B59F38BB93F294F,
				BD22148CE5FB53E18D2643BD,
				8CE5A37A368CD47913F8C1B3,
				4AC161B8C621F1776F5713D7,
				0D628204966DB23120E7C38C,
				2A0D12B5F65429237C94339B,
				108E90DAA3F7F6A6915F89A0,
				4D63B99D4298136FAE1D2571,
				30C2ECD8790BDA96D1196BB9,
				D6062F75E8F223B9C7C9CCB0,
				8C72171E6B433741A6B645A1,
				F5B4BE1A746FB2A0FBEFD9E2,
				2EA649AC43CFD89E65F69CB1,
				29A17232D3FEFAABC8DD5253,
				BEBE5706902BF83224724ABE,
				AC0C09C064B5B235FE275CB5,
				C9720844DED5A762A75F2BDF,
				A0017D8CF3710E98D2E923BF,
				D499192D5986AE6AFA31F904,
				FEE2C8B469B5553D79B72A07,
				FC56E2F2B48577B824E90431,
				45448CEF5095C034591B7F37,
			);
			name = "attribute instances";
			sourceTree = "<group>";
		};
		263AF4CB422B5F2D05DC6B47 = {
			isa = PBXGroup;
			children = (
				5B8E461D596D1E46139439E1,
				0E30E77D787064B98564AEF8,
				86D8EB3CC7FBF6A1EB423F51,
				1FCE16C4233E5B66D60366A0,
				C8D4614AEC6282049AACA9A9,
				6C2B9C97F932EC669FCDD8BD,
				BC9E5C1687F6841B3E840CDB,
				9674FE85E491E4CFCA7BB08F,
				54D85A48986E793FA2090C64,
				E22092279D6737A19F0269E9,
				E19D06C1C36749D1699AD8BB,
				B7E5ACEC9F3FFB20042B7812,
				632000188BAE7A9EC01E2E8B,
				B7569BDA7BDDD612DE40C656,
				5008F966D83231242802E5E7,
				AC6BBB52BED4E81E2E4DBD10,
				2995843A68367D56C4468E50,
				2FDED1A5D3A98E7BBF44CC1F,
				2E61E05C26F1AF6E3367DA36,
				302B3581A7BE31861B678C41,
				E55FBAB2FD9C9B41DEAA3276,
				5E566C6EB8F813D76F8B3E14,
				9E9E1435B4A8016762E85D24,
				33DEED6576C90ECC91DFFE48,
				82D4D2513189AA911A8692F5,
				5F273B4A209B6A86354BC37F,
				80C6542016D0974F040DEEFC,
				C9498CEFCF5F1C8881BF740E,
				7E574238A00605BCE9606042,
				8DD297A5F9C696C4C98603C0,
				1E71CCB7210E284BB4C102CB,
				CF9D1A2B1093BEF2CCF1C829,
				D5BBD99C74C36551222B0957,
				9622FDF02271259BB7E5B98E,
				DDFDAEA74D44AD06B6964064,
				1BDD1371464E3A6729E19FE0,
			);
			name = attributes;
			sourceTree = "<group>";
		};
		47188933112F670EB61E13A3 = {
			isa = PBXGroup;
			children = (
				CF9302DC5B62EF18441E00CA,
				876BF6746388EB111830124F,
				CA3E2C0BAD8E0BFA95B1B705,
				FE4126AB23D7E9D1E75667C1,
			);
			name = params;
			sourceTree = "<group>";
		};
		C5E5194668FF7747836C3D84 = {
			isa = PBXGroup;
			children = (
				D99AF901811DEF1F71BCF30F,
				AF935507436941F0408833EB,
				3B6091EB87E00AACFF7AFEB1,
				263AF4CB422B5F2D05DC6B47,
				47188933112F670EB61E13A3,
				25E61F53D02242E7320EE82D,
				64FA3CA59B6E2108ECE68A7C,
				A14D470FA3D8F36239CF1CFE,
				F30EA5D0F7F05DA51652E384,
				A2DEB74A2499F78F7C4E4E7A,
			);
			name = Source;
			sourceTree = "<group>";
		};
		7F050771CBF54A991D9A8660 = {
			isa = PBXGroup;
			children = (
				C5E5194668FF7747836C3D84,
			);
			name = AttributesInterface;
			sourceTree = "<group>";
		};
		7DDC96852C2D134B75A95120 = {
			isa = PBXGroup;
			children = (
				FDFDED925CA05ABD89413C9A,
				E99C21498F0CAC426A6AAE99,
				5EB020DB05BE3E0065F0C05D,
				BAC6B932AEC400A2E8BA469C,
				E459DA332A6D803B564AFB6A,
				BF64C7B9D9F4C13ED22BFBE4,
				95EB747A9963F96416D1C2C0,
				BDE4C4ACA10B65DC4001B575,
				A20823812BDC3F0E4819A76B,
				DFC14245B3FEAB989247AD69,
				A5DDEEB3D0E5D821C32AD1BE,
				4D776F622D99F94D2430F60B,
				AAE6E55E7311AF41C3495A72,
			);
			name = "JUCE Modules";
			sourceTree = "<group>";
		};
		E4924D302B063ADD0C3FB1D7 = {
			isa = PBXGroup;
			children = (
				6FCF04D753A9668AB130E68C,
				57FBE3C369BE4B470102AC8A,
				68F383E63853C35EE0241F34,
				73CB79563B92BD88CFF08EBF,
				32DE55C6B9865AE7905A7477,
				75FC38F1B6999DBB0CD2B93A,
				E9F5A7F27F244D2CA1D8555F,
				3622E02683E1E5FBEE2A614D,
				BF92D96F5702D4DAE783E5CF,
				96F56EAAC0D1575D1A8E1C10,
				EDCF7E6CD9E3955ECD7898A6,
				8A11B8CC0A65622F73733B48,
				36D1716D71FC56393CF49AE5,
				72DF10364C01AB65BC70F7F4,
				2392476E07F040E78134CA54,
			);
			name = "JUCE Library Code";
			sourceTree = "<group>";
		};
		14CB21BAE3EAC24DF8F8CBC9 = {
			isa = PBXGroup;
			children = (
				F31812B440EE5BC7855A2604,
				54C5F45A709CDE41D63664EE,
			);
			name = Resources;
			sourceTree = "<group>";
		};
		DC388288EB21790670AB570B = {
			isa = PBXGroup;
			children = (
				5F2E4D8F67B48F6449C5D824,
				80FE66DFEE5F6B261FE415B9,
				EE61C62F7CB293D8D67F6BDD,
				4A2CC48622A52D50D5BD4931,
				4B50BF620B90B7A10D8695CD,
				2CD58370C8EE9090E3FBE7BC,
				5194B3156B4161980CA67F79,
				74399BA7C9BEA36C76961B5C,
				3E9DBC18CE8126724A2F33E1,
				845A01A92BC5AD3932E78D10,
				E9D419DF31337EC3A242F7CB,
				19E6ABBA6781477FEF09BFE4,
				91344C52742EAB210B1F9938,
			);
			name = Frameworks;
			sourceTree = "<group>";
		};
		9C1180F8B92D8D633EA2E4E2 = {
			isa = PBXGroup;
			children = (
				19440D3B9069780F611BBF0B,
			);
			name = Products;
			sourceTree = "<group>";
		};
		CCA3529780611FF41B24EFB3 = {
			isa = PBXGroup;
			children = (
				7F050771CBF54A991D9A8660,
				7DDC96852C2D134B75A95120,
				E4924D302B063ADD0C3FB1D7,
				14CB21BAE3EAC24DF8F8CBC9,
				DC388288EB21790670AB570B,
				9C1180F8B92D8D633EA2E4E2,
			);
			name = Source;
			sourceTree = "<group>";
		};
		DA585ECE4C76C1EDAED4AB08 = {
			isa = XCBuildConfiguration;
			buildSettings = {
				CLANG_CXX_LANGUAGE_STANDARD = "c++14";
				CLANG_CXX_LIBRARY = "libc++";
				CLANG_LINK_OBJC_RUNTIME = NO;
				COMBINE_HIDPI_IMAGES = YES;
				CONFIGURATION_BUILD_DIR = "$(PROJECT_DIR)/build/$(CONFIGURATION)";
				DEAD_CODE_STRIPPING = YES;
				GCC_GENERATE_DEBUGGING_SYMBOLS = NO;
				GCC_OPTIMIZATION_LEVEL = 3;
				GCC_PREPROCESSOR_DEFINITIONS = (
					"_NDEBUG=1",
					"NDEBUG=1",
					"JUCER_XCODE_MAC_F6D2F4CF=1",
					"JUCE_APP_VERSION=0.17.1",
					"JUCE_APP_VERSION_HEX=0x1101",
					"JucePlugin_Build_VST=0",
					"JucePlugin_Build_VST3=0",
					"JucePlugin_Build_AU=0",
					"JucePlugin_Build_AUv3=0",
					"JucePlugin_Build_RTAS=0",
					"JucePlugin_Build_AAX=0",
					"JucePlugin_Build_Standalone=0",
					"JucePlugin_Build_Unity=0",
				);
				GCC_SYMBOLS_PRIVATE_EXTERN = YES;
				GCC_VERSION = com.apple.compilers.llvm.clang.1_0;
				HEADER_SEARCH_PATHS = (
					"../../JuceLibraryCode",
					"../../JuceLibraryCode/modules",
					"/Users/rutad/Desktop/eshimizu_lighting/lib/Lumiverse/include",
					"/Users/rutad/Desktop/eshimizu_lighting/lib/include",
					"/usr/X11R6/include",
					"$(inherited)",
				);
				INFOPLIST_FILE = Info-App.plist;
				INFOPLIST_PREPROCESS = NO;
				INSTALL_PATH = "$(HOME)/Applications";
				LIBRARY_SEARCH_PATHS = (
					"$(inherited)",
					"\"/Users/rutad/Desktop/eshimizu_lighting/lib/lib\"",
					"\"/Users/rutad/Desktop/eshimizu_lighting/lib/Lumiverse/Release/lib\"",
					"\"/usr/X11R6/lib\"",
				);
				LLVM_LTO = YES;
				MACOSX_DEPLOYMENT_TARGET = 10.10;
				OTHER_LDFLAGS = "-lLumiverseCore -lLumiverseShowControl -llibjson -lclp -lpng -lz -lIlmImf-2_2 -lIex-2_2 -lIlmThread-2_2 -lImath-2_2 -lIexMath-2_2 -lHalf";
				PRODUCT_BUNDLE_IDENTIFIER = edu.cmu.cs.AttributeInterface;
				PRODUCT_NAME = "AttributesInterface";
				SDKROOT = macosx10.10;
				USE_HEADERMAP = NO;
			};
			name = Release;
		};
		97F143E271D66D4B38C1B67B = {
			isa = XCBuildConfiguration;
			buildSettings = {
				ALWAYS_SEARCH_USER_PATHS = NO;
				CLANG_ENABLE_OBJC_WEAK = YES;
				CLANG_WARN_BLOCK_CAPTURE_AUTORELEASING = YES;
				CLANG_WARN_BOOL_CONVERSION = YES;
				CLANG_WARN_COMMA = YES;
				CLANG_WARN_CONSTANT_CONVERSION = YES;
				CLANG_WARN_DEPRECATED_OBJC_IMPLEMENTATIONS = YES;
				CLANG_WARN_EMPTY_BODY = YES;
				CLANG_WARN_ENUM_CONVERSION = YES;
				CLANG_WARN_INFINITE_RECURSION = YES;
				CLANG_WARN_INT_CONVERSION = YES;
				CLANG_WARN_NON_LITERAL_NULL_CONVERSION = YES;
				CLANG_WARN_OBJC_IMPLICIT_RETAIN_SELF = YES;
				CLANG_WARN_OBJC_LITERAL_CONVERSION = YES;
				CLANG_WARN_RANGE_LOOP_ANALYSIS = YES;
				CLANG_WARN_STRICT_PROTOTYPES = YES;
				CLANG_WARN_SUSPICIOUS_MOVE = YES;
				CLANG_WARN_UNREACHABLE_CODE = YES;
				CLANG_WARN__DUPLICATE_METHOD_MATCH = YES;
				DEBUG_INFORMATION_FORMAT = "dwarf";
				ENABLE_STRICT_OBJC_MSGSEND = YES;
				GCC_C_LANGUAGE_STANDARD = c11;
				GCC_INLINES_ARE_PRIVATE_EXTERN = YES;
				GCC_MODEL_TUNING = G5;
				GCC_NO_COMMON_BLOCKS = YES;
				GCC_WARN_64_TO_32_BIT_CONVERSION = YES;
				GCC_WARN_ABOUT_RETURN_TYPE = YES;
				GCC_WARN_CHECK_SWITCH_STATEMENTS = YES;
				GCC_WARN_MISSING_PARENTHESES = YES;
				GCC_WARN_NON_VIRTUAL_DESTRUCTOR = YES;
				GCC_WARN_TYPECHECK_CALLS_TO_PRINTF = YES;
				GCC_WARN_UNDECLARED_SELECTOR = YES;
				GCC_WARN_UNINITIALIZED_AUTOS = YES;
				GCC_WARN_UNUSED_FUNCTION = YES;
				GCC_WARN_UNUSED_VARIABLE = YES;
				PRODUCT_NAME = "AttributesInterface";
				WARNING_CFLAGS = -Wreorder;
				ZERO_LINK = NO;
			};
			name = Release;
		};
		9060995840B75ED714CB1E56 = {
			isa = PBXTargetDependency;
			target = 1D6E8FB09E6A1BF10F9D691B;
		};
		4A2A85706E5C1C537A44A151 = {
			isa = XCConfigurationList;
			buildConfigurations = (
				97F143E271D66D4B38C1B67B,
			);
			defaultConfigurationIsVisible = 0;
			defaultConfigurationName = Release;
		};
		4CE864717D2BF90AE7D9B3C8 = {
			isa = XCConfigurationList;
			buildConfigurations = (
				DA585ECE4C76C1EDAED4AB08,
			);
			defaultConfigurationIsVisible = 0;
			defaultConfigurationName = Release;
		};
		4E919ADE907B58EA59CD71D9 = {
			isa = PBXResourcesBuildPhase;
			buildActionMask = 2147483647;
			files = (
				D453808EFD2A6D737778FC23,
			);
			runOnlyForDeploymentPostprocessing = 0;
		};
		FA32407EA925678513399C86 = {
			isa = PBXSourcesBuildPhase;
			buildActionMask = 2147483647;
			files = (
				ECC2AD930774616D017CDA15,
				72A58E215A35FE68D2184DE2,
				F5BEFBF3B8F1705A0B2A90F8,
				FF26F34035DD4A5359B554AF,
				0002038F900E8730CD11A74E,
				83173FC97E710D9177D003DD,
				5566B71DFACE1BAFF9F7B9AA,
				E3DE1065EF8C692415FB6E48,
				8BD84FD96A56EA83E2F0FC44,
				5A3EAEBFD50C25E929B5E74F,
				97758C94A469D00CC9EE152B,
				9F2C407AF3E741BEAFA96ECE,
				97B18097E6EA09328DAFF5CD,
				F3EE66562244804BC7E232D1,
				37D5565E9F8C4805693CF980,
				15515A86C54ABFDEAF987C78,
				8E576466171B54389F255C5D,
				EE76E1A3E43B12FFCB3657BA,
				2587F818A778695293ADB9A1,
				ACC4D97B0C3C5E1AD59D1FAE,
				3504654C7017F25C1BB21B09,
				9332EBBF7E7EC2E904999E81,
				52BB0E573729932815EBC09B,
				0B603B1B4CB8D89CC00CC5EC,
				A729A1EFD2EA14AC479AAD2C,
				1F5B66E204C30D4B60BA5615,
				9558A015F326D2E2F3787800,
				EC18C9FB15E0350C5A7585F9,
				9917B656FB8852A2A14DD144,
				30AAC2E5B5B9C61F08816D41,
				54A3068FA26708D70009C552,
				16CC6910E1BDB5E051C1DD2D,
				E041B1DEC9FF03E597F20BD5,
				EDA15C76E4851DF0B2CEA64F,
				AC43D6322023A780A15BDEDB,
				F8BAD8A4466706A3393B96AD,
				4F7C31C725D29BDD3598FC6F,
				92F65FFDB0F2FD3C9846F7BB,
				AF539AF3D69335DF86E41AA5,
				29D2CB78A8B28F06064FFEBA,
				B077B4E8DB5D2DA6DA917763,
				6690AADF81624C2FA96AA355,
				5224B9A27D5D6127D8B68208,
				0B334FB8F22C6A7EA28CAF8A,
				C29AD759D73E786335CCEE95,
				D6E7FCEFB02884B1877F99C4,
				85868791F972F0357B88575C,
				8F54793D84DBA63E10D2FE63,
				EE7B525013EDA73CC3FAEB7B,
				E20D4C6870E35D2F05A88B15,
				69EA684DC35C7B82519BDD34,
				6E6A8D27D1A7598D954237A5,
				AB2BD396680BCC24C9C09365,
				41B1BA4129B82795FDD7DB52,
				3E9EFF33A74897E68041FE4D,
				E03BF59476E91B4B6356E1BB,
				D94FB87527534F5B314E6CC2,
				2F33E9623D9BB387DF0CFB8D,
				30139C6F36C5FAB598F9DA5B,
				D161D80E61F09222B787D442,
				06C6BA0781421732CDB82CCF,
				118A1A7529941A8852E95BCB,
				AA4878ADE7B4AFB12CC1A163,
				B404460682350AFADCD283F2,
			);
			runOnlyForDeploymentPostprocessing = 0;
		};
		520ED2C9C5F9136EA07CAEA9 = {
			isa = PBXFrameworksBuildPhase;
			buildActionMask = 2147483647;
			files = (
				7AD351591A78A29A2FF7EF44,
				5B35A21D40433CE5B422E0C3,
				D3AE4FC82EF7917B5C01B6EA,
				5DD806E13C468056C12B9244,
				58769501AF9418B98E2BA760,
				E5F33BC4A8FF49BDDF151E0F,
				5CC6B6E42DA9F6FDBA11C700,
				6B3E0BAC60993019919FCAB7,
				0700813E425661BE37EE276F,
				46B638A07674BE0AB9914976,
				FC4D3FB6E5B6CF77D19B9CF2,
				39DC4E3EBD116535A4A62F5C,
				39DC9E45252FF5D84C6B3F84,
			);
			runOnlyForDeploymentPostprocessing = 0;
		};
		1D6E8FB09E6A1BF10F9D691B = {
			isa = PBXNativeTarget;
			buildConfigurationList = 4CE864717D2BF90AE7D9B3C8;
			buildPhases = (
				4E919ADE907B58EA59CD71D9,
				FA32407EA925678513399C86,
				520ED2C9C5F9136EA07CAEA9,
			);
			buildRules = ( );
			dependencies = ( );
			name = "AttributesInterface - App";
			productName = AttributesInterface;
			productReference = 19440D3B9069780F611BBF0B;
			productType = "com.apple.product-type.application";
		};
		3C994F79A4BF5C6B121754AD = {
			isa = PBXProject;
			buildConfigurationList = 4A2A85706E5C1C537A44A151;
			attributes = { LastUpgradeCheck = 0930; ORGANIZATIONNAME = "Carnegie Mellon University"; TargetAttributes = { 1D6E8FB09E6A1BF10F9D691B = { SystemCapabilities = {com.apple.ApplicationGroups.iOS = { enabled = 0; }; com.apple.InAppPurchase = { enabled = 0; }; com.apple.InterAppAudio = { enabled = 0; }; com.apple.Push = { enabled = 0; }; com.apple.Sandbox = { enabled = 0; }; }; }; }; };
			compatibilityVersion = "Xcode 3.2";
			hasScannedForEncodings = 0;
			mainGroup = CCA3529780611FF41B24EFB3;
			projectDirPath = "";
			projectRoot = "";
			targets = (1D6E8FB09E6A1BF10F9D691B);
		};
	};
	rootObject = 3C994F79A4BF5C6B121754AD;
}
